github.com/davecgh/go-spew v1.1.1 h1:vj9j/u1bqnvCEfJOwUhtlOARqs3+rkHYY13jYWTU97c=
github.com/davecgh/go-spew v1.1.1/go.mod h1:J7Y8YcW2NihsgmVo/mv3lAwl/skON4iLHjSsI+c5H38=
github.com/ferranbt/fastssz v0.1.3 h1:ZI+z3JH05h4kgmFXdHuR1aWYsgrg7o+Fw7/NCzM16Mo=
github.com/ferranbt/fastssz v0.1.3/go.mod h1:0Y9TEd/9XuFlh7mskMPfXiI2Dkw4Ddg9EyXt1W7MRvE=
github.com/google/uuid v1.3.0 h1:t6JiXgmwXMjEs8VusXIJk2BXHsn+wx8BZdTaoZ5fu7I=
github.com/google/uuid v1.3.0/go.mod h1:TIyPZe4MgqvfeYDBFedMoGGpEw/LqOeaOT+nhxU+yHo=
github.com/herumi/bls-eth-go-binary v1.31.0 h1:9eeW3EA4epCb7FIHt2luENpAW69MvKGL5jieHlBiP+w=
github.com/herumi/bls-eth-go-binary v1.31.0/go.mod h1:luAnRm3OsMQeokhGzpYmc0ZKwawY7o87PUEP11Z7r7U=
github.com/klauspost/cpuid/v2 v2.0.4/go.mod h1:FInQzS24/EEf25PyTYn52gqo7WaD8xa0213Md/qVLRg=
github.com/klauspost/cpuid/v2 v2.2.4 h1:acbojRNwl3o09bUq+yDCtZFc1aiwaAAxtcn8YkZXnvk=
github.com/klauspost/cpuid/v2 v2.2.4/go.mod h1:RVVoqg1df56z8g3pUjL/3lE5UfnlrJX8tyFgg4nqhuY=
github.com/minio/sha256-simd v1.0.0 h1:v1ta+49hkWZyvaKwrQB8elexRqm6Y0aMLjCNsrYxo6g=
github.com/minio/sha256-simd v1.0.0/go.mod h1:OuYzVNI5vcoYIAmbIvHPl3N3jUzVedXbKy5RFepssQM=
github.com/mitchellh/mapstructure v1.5.0 h1:jeMsZIYE/09sWLaz43PL7Gy6RuMjD2eJVyuac5Z2hdY=
github.com/mitchellh/mapstructure v1.5.0/go.mod h1:bFUtVrKA4DC2yAKiSyO/QUcy7e+RRV2QTWOzhPopBRo=
github.com/pkg/errors v0.9.1 h1:FEBLx1zS214owpjy7qsBeixbURkuhQAwrK5UwLGTwt4=
github.com/pkg/errors v0.9.1/go.mod h1:bwawxfHBFNV+L2hUp1rHADufV3IMtnDRdf1r5NINEl0=
github.com/pmezard/go-difflib v1.0.0 h1:4DBwDE0NGyQoBHbLQYPwSUPoCMWR5BEzIk/f1lZbAQM=
github.com/pmezard/go-difflib v1.0.0/go.mod h1:iKH77koFhYxTK1pcRnkKkqfTogsbg7gZNVY4sRDYZ/4=
github.com/shibukawa/configdir v0.0.0-20170330084843-e180dbdc8da0 h1:Xuk8ma/ibJ1fOy4Ee11vHhUFHQNpHhrBneOCNHVXS5w=
github.com/shibukawa/configdir v0.0.0-20170330084843-e180dbdc8da0/go.mod h1:7AwjWCpdPhkSmNAgUv5C7EJ4AbmjEB3r047r3DXWu3Y=
github.com/stretchr/testify v1.8.4 h1:CcVxjf3Q8PM0mHUKJCdn+eZZtm5yQwehR5yeSVQQcUk=
github.com/stretchr/testify v1.8.4/go.mod h1:sz/lmYIOXD/1dqDmKjjqLyZ2RngseejIcXlSw2iwfAo=
github.com/umbracle/gohashtree v0.0.2-alpha.0.20230207094856-5b775a815c10 h1:CQh33pStIp/E30b7TxDlXfM0145bn2e8boI30IxAhTg=
github.com/wealdtech/go-ecodec v1.1.3 h1:ldQFJqzvega2IMsbjB6Yp4uZMsQTxvYnuM521ZGiglo=
github.com/wealdtech/go-ecodec v1.1.3/go.mod h1:+sSrfAZvFf1bqEBfPGB42VtHijcT27cUkw6J1gueJKg=
github.com/wealdtech/go-eth2-types/v2 v2.8.2 h1:b5aXlNBLKgjAg/Fft9VvGlqAUCQMP5LzYhlHRrr4yPg=
github.com/wealdtech/go-eth2-types/v2 v2.8.2/go.mod h1:IAz9Lz1NVTaHabQa+4zjk2QDKMv8LVYo0n46M9o/TXw=
github.com/wealdtech/go-eth2-wallet-encryptor-keystorev4 v1.3.1 h1:NlWiq9cUd69xFvhAdCRpz7CwfDjMuz8cEvPQ9yponT4=
github.com/wealdtech/go-eth2-wallet-encryptor-keystorev4 v1.3.1/go.mod h1:luy/Y/I3gC3JxT0mQBKqysvzRN1DiFnwqUij8Yc2SP4=
github.com/wealdtech/go-eth2-wallet-store-filesystem v1.17.1 h1:fe3wd7fKCy4d3TsdKGWsy5/uKoyKiz4GsYyck/BDO88=
github.com/wealdtech/go-eth2-wallet-store-filesystem v1.17.1/go.mod h1:mlB4RA5n1/3CnktH2iphuYoky7xn3DEugKvXrFqkBW4=
github.com/wealdtech/go-eth2-wallet-store-scratch v1.7.1 h1:0JRUCM6UgpsgTGGpd8Q6BDQXAyhRd359mumBf6pAdlc=
github.com/wealdtech/go-eth2-wallet-store-scratch v1.7.1/go.mod h1:NaGxeFPNnLqDAUtbs1smC5m60QSX4kQqPRh5myEvNiA=
github.com/wealdtech/go-eth2-wallet-types/v2 v2.10.1 h1:RRJhZ9M3S2Vh5k1SLwQmyA4NZ7E1HM4QnnHhiUySFdk=
github.com/wealdtech/go-eth2-wallet-types/v2 v2.10.1/go.mod h1:ErJ+f0bEVFn218QcwhY+Sy9UUa8XgfEjVeNauUJqOgE=
github.com/wealdtech/go-indexer v1.1.0 h1:vn4gY7nSYSLe0sXVauJgyHvK4NXiDrLKBYYYKWypahk=
github.com/wealdtech/go-indexer v1.1.0/go.mod h1:lEFTda1rul1EwWIX3QqXq/KW0tnEEhC41Lup06V7Tlo=
golang.org/x/crypto v0.6.0 h1:qfktjS5LUO+fFKeJXZ+ikTRijMmljikvG68fpMMruSc=
golang.org/x/crypto v0.6.0/go.mod h1:OFC/31mSvZgRz0V1QTNCzfAI1aIRzbiufJtkMIlEp58=
golang.org/x/sys v0.0.0-20220704084225-05e143d24a9e/go.mod h1:oPkhp1MJrh7nUepCBck5+mAzfO9JrbApNNgaTdGDITg=
golang.org/x/sys v0.5.0 h1:MUK/U/4lj1t1oPg0HfuXDN/Z1wv31ZJ/YcPiGccS4DU=
golang.org/x/sys v0.5.0/go.mod h1:oPkhp1MJrh7nUepCBck5+mAzfO9JrbApNNgaTdGDITg=
golang.org/x/text v0.7.0 h1:4BRB4x83lYWy72KwLD/qYDuTu7q9PjSagHvijDw7cLo=
golang.org/x/text v0.7.0/go.mod h1:mrYo+phRRbMaCq/xk9113O4dZlRixOauAjOtrjsXDZ8=
gopkg.in/check.v1 v0.0.0-20161208181325-20d25e280405 h1:yhCVgyC4o1eVCa2tZl7eS0r+SDo693bJlVdllGtEeKM=
gopkg.in/check.v1 v0.0.0-20161208181325-20d25e280405/go.mod h1:Co6ibVJAznAaIkqp8huTwlJQCZ016jof/cbN4VW5Yz0=
gopkg.in/yaml.v2 v2.4.0 h1:D8xgwECY7CYvx+Y2n4sBz93Jn9JRvxdiyyo8CTfuKaY=
gopkg.in/yaml.v2 v2.4.0/go.mod h1:RDklbk79AGWmwhnvt/jBztapEOGDOx6ZbXqjP6csGnQ=
gopkg.in/yaml.v3 v3.0.1 h1:fxVm/GzAzEWqLHuvctI91KS9hhNmmWOoWu0XTYJS7CA=
gopkg.in/yaml.v3 v3.0.1/go.mod h1:K4uyk7z7BCEPqu6E+C64Yfv1cQ7kz7rIZviUmN+EgEM=
